
Microsoft Visual Studio Solution File, Format Version 12.00
# Visual Studio Version 17
VisualStudioVersion = 17.2.32516.85
MinimumVisualStudioVersion = 10.0.40219.1
Project("{FAE04EC0-301F-11D3-BF4B-00C04F79EFBC}") = "MvcNews", "MvcNews\MvcNews.csproj", "{BE004072-C412-4EE7-8BF4-56E1FA31F2C6}"
EndProject
Global
	GlobalSection(SolutionConfigurationPlatforms) = preSolution
		Debug|Any CPU = Debug|Any CPU
		Release|Any CPU = Release|Any CPU
	EndGlobalSection
	GlobalSection(ProjectConfigurationPlatforms) = postSolution
		{BE004072-C412-4EE7-8BF4-56E1FA31F2C6}.Debug|Any CPU.ActiveCfg = Debug|Any CPU
		{BE004072-C412-4EE7-8BF4-56E1FA31F2C6}.Debug|Any CPU.Build.0 = Debug|Any CPU
		{BE004072-C412-4EE7-8BF4-56E1FA31F2C6}.Release|Any CPU.ActiveCfg = Release|Any CPU
		{BE004072-C412-4EE7-8BF4-56E1FA31F2C6}.Release|Any CPU.Build.0 = Release|Any CPU
	EndGlobalSection
	GlobalSection(SolutionProperties) = preSolution
		HideSolutionNode = FALSE
	EndGlobalSection
	GlobalSection(ExtensibilityGlobals) = postSolution
		SolutionGuid = {CD5FE879-DC8F-4DF9-A486-6BCFBFB8CFB0}
	EndGlobalSection
EndGlobal
