
Microsoft Visual Studio Solution File, Format Version 12.00
# Visual Studio Version 17
VisualStudioVersion = 17.2.32516.85
MinimumVisualStudioVersion = 10.0.40219.1
Project("{FAE04EC0-301F-11D3-BF4B-00C04F79EFBC}") = "CompanyApi", "CompanyApi\CompanyApi.csproj", "{ECE77461-452A-4789-99B6-0C55655F5F5D}"
EndProject
Global
	GlobalSection(SolutionConfigurationPlatforms) = preSolution
		Debug|Any CPU = Debug|Any CPU
		Release|Any CPU = Release|Any CPU
	EndGlobalSection
	GlobalSection(ProjectConfigurationPlatforms) = postSolution
		{ECE77461-452A-4789-99B6-0C55655F5F5D}.Debug|Any CPU.ActiveCfg = Debug|Any CPU
		{ECE77461-452A-4789-99B6-0C55655F5F5D}.Debug|Any CPU.Build.0 = Debug|Any CPU
		{ECE77461-452A-4789-99B6-0C55655F5F5D}.Release|Any CPU.ActiveCfg = Release|Any CPU
		{ECE77461-452A-4789-99B6-0C55655F5F5D}.Release|Any CPU.Build.0 = Release|Any CPU
	EndGlobalSection
	GlobalSection(SolutionProperties) = preSolution
		HideSolutionNode = FALSE
	EndGlobalSection
	GlobalSection(ExtensibilityGlobals) = postSolution
		SolutionGuid = {278439C5-1882-417B-B92E-7A8802208BEC}
	EndGlobalSection
EndGlobal
